
Microsoft Visual Studio Solution File, Format Version 12.00
Project("{FAE04EC0-301F-11D3-BF4B-00C04F79EFBC}") = "Frontend", "Frontend\Frontend.csproj", "{82CDDFC0-7B73-4C7F-96DC-74625BDB30BD}"
EndProject
Project("{FAE04EC0-301F-11D3-BF4B-00C04F79EFBC}") = "TweetService", "TweetService\TweetService.csproj", "{17270CD8-E3B0-42E4-B9A0-6A592F9663DF}"
EndProject
Project("{FAE04EC0-301F-11D3-BF4B-00C04F79EFBC}") = "Messaging", "Messaging\Messaging.csproj", "{FBF8C622-B8DE-4B2F-9456-355ECB978D55}"
EndProject
Project("{2150E333-8FDC-42A3-9474-1A3956D46DE8}") = "Solution Items", "Solution Items", "{42EBE76E-FBF3-438E-AA75-52524302666D}"
	ProjectSection(SolutionItems) = preProject
		docker-compose.yml = docker-compose.yml
	EndProjectSection
EndProject
Project("{FAE04EC0-301F-11D3-BF4B-00C04F79EFBC}") = "CommentService", "CommentService\CommentService.csproj", "{6C967A6E-0170-488E-B919-B807025F6404}"
EndProject
Global
	GlobalSection(SolutionConfigurationPlatforms) = preSolution
		Debug|Any CPU = Debug|Any CPU
		Release|Any CPU = Release|Any CPU
	EndGlobalSection
	GlobalSection(ProjectConfigurationPlatforms) = postSolution
		{82CDDFC0-7B73-4C7F-96DC-74625BDB30BD}.Debug|Any CPU.ActiveCfg = Debug|Any CPU
		{82CDDFC0-7B73-4C7F-96DC-74625BDB30BD}.Debug|Any CPU.Build.0 = Debug|Any CPU
		{82CDDFC0-7B73-4C7F-96DC-74625BDB30BD}.Release|Any CPU.ActiveCfg = Release|Any CPU
		{82CDDFC0-7B73-4C7F-96DC-74625BDB30BD}.Release|Any CPU.Build.0 = Release|Any CPU
		{17270CD8-E3B0-42E4-B9A0-6A592F9663DF}.Debug|Any CPU.ActiveCfg = Debug|Any CPU
		{17270CD8-E3B0-42E4-B9A0-6A592F9663DF}.Debug|Any CPU.Build.0 = Debug|Any CPU
		{17270CD8-E3B0-42E4-B9A0-6A592F9663DF}.Release|Any CPU.ActiveCfg = Release|Any CPU
		{17270CD8-E3B0-42E4-B9A0-6A592F9663DF}.Release|Any CPU.Build.0 = Release|Any CPU
		{FBF8C622-B8DE-4B2F-9456-355ECB978D55}.Debug|Any CPU.ActiveCfg = Debug|Any CPU
		{FBF8C622-B8DE-4B2F-9456-355ECB978D55}.Debug|Any CPU.Build.0 = Debug|Any CPU
		{FBF8C622-B8DE-4B2F-9456-355ECB978D55}.Release|Any CPU.ActiveCfg = Release|Any CPU
		{FBF8C622-B8DE-4B2F-9456-355ECB978D55}.Release|Any CPU.Build.0 = Release|Any CPU
		{6C967A6E-0170-488E-B919-B807025F6404}.Debug|Any CPU.ActiveCfg = Debug|Any CPU
		{6C967A6E-0170-488E-B919-B807025F6404}.Debug|Any CPU.Build.0 = Debug|Any CPU
		{6C967A6E-0170-488E-B919-B807025F6404}.Release|Any CPU.ActiveCfg = Release|Any CPU
		{6C967A6E-0170-488E-B919-B807025F6404}.Release|Any CPU.Build.0 = Release|Any CPU
	EndGlobalSection
EndGlobal
