
Microsoft Visual Studio Solution File, Format Version 12.00
Project("{FAE04EC0-301F-11D3-BF4B-00C04F79EFBC}") = "Frontend", "Frontend\Frontend.csproj", "{82CDDFC0-7B73-4C7F-96DC-74625BDB30BD}"
EndProject
Global
	GlobalSection(SolutionConfigurationPlatforms) = preSolution
		Debug|Any CPU = Debug|Any CPU
		Release|Any CPU = Release|Any CPU
	EndGlobalSection
	GlobalSection(ProjectConfigurationPlatforms) = postSolution
		{82CDDFC0-7B73-4C7F-96DC-74625BDB30BD}.Debug|Any CPU.ActiveCfg = Debug|Any CPU
		{82CDDFC0-7B73-4C7F-96DC-74625BDB30BD}.Debug|Any CPU.Build.0 = Debug|Any CPU
		{82CDDFC0-7B73-4C7F-96DC-74625BDB30BD}.Release|Any CPU.ActiveCfg = Release|Any CPU
		{82CDDFC0-7B73-4C7F-96DC-74625BDB30BD}.Release|Any CPU.Build.0 = Release|Any CPU
	EndGlobalSection
EndGlobal
